
Microsoft Visual Studio Solution File, Format Version 12.00
# Visual Studio Version 17
VisualStudioVersion = 17.9.34728.123
MinimumVisualStudioVersion = 10.0.40219.1
Project("{9A19103F-16F7-4668-BE54-9A1E7A4F7556}") = "Agent.Api", "Agent.Api\Agent.Api.csproj", "{92AD4950-03AC-43A2-BD2D-627C674BC4C2}"
EndProject
Project("{9A19103F-16F7-4668-BE54-9A1E7A4F7556}") = "Agent.Dal", "Agent.Dal\Agent.Dal.csproj", "{EB6DE132-04F8-4B2D-AEBA-9A0D379F5532}"
EndProject
Project("{FAE04EC0-301F-11D3-BF4B-00C04F79EFBC}") = "Agent.Service", "Agent.Service\Agent.Service.csproj", "{29321C7F-5C67-4AF4-BC15-BE9972E57014}"
EndProject
Project("{FAE04EC0-301F-11D3-BF4B-00C04F79EFBC}") = "Agent.Models", "Agent.models\Agent.Models.csproj", "{57F40EFD-91EA-40F0-914C-27504378F121}"
EndProject
Global
	GlobalSection(SolutionConfigurationPlatforms) = preSolution
		Debug|Any CPU = Debug|Any CPU
		Release|Any CPU = Release|Any CPU
	EndGlobalSection
	GlobalSection(ProjectConfigurationPlatforms) = postSolution
		{92AD4950-03AC-43A2-BD2D-627C674BC4C2}.Debug|Any CPU.ActiveCfg = Debug|Any CPU
		{92AD4950-03AC-43A2-BD2D-627C674BC4C2}.Debug|Any CPU.Build.0 = Debug|Any CPU
		{92AD4950-03AC-43A2-BD2D-627C674BC4C2}.Release|Any CPU.ActiveCfg = Release|Any CPU
		{92AD4950-03AC-43A2-BD2D-627C674BC4C2}.Release|Any CPU.Build.0 = Release|Any CPU
		{EB6DE132-04F8-4B2D-AEBA-9A0D379F5532}.Debug|Any CPU.ActiveCfg = Debug|Any CPU
		{EB6DE132-04F8-4B2D-AEBA-9A0D379F5532}.Debug|Any CPU.Build.0 = Debug|Any CPU
		{EB6DE132-04F8-4B2D-AEBA-9A0D379F5532}.Release|Any CPU.ActiveCfg = Release|Any CPU
		{EB6DE132-04F8-4B2D-AEBA-9A0D379F5532}.Release|Any CPU.Build.0 = Release|Any CPU
		{29321C7F-5C67-4AF4-BC15-BE9972E57014}.Debug|Any CPU.ActiveCfg = Debug|Any CPU
		{29321C7F-5C67-4AF4-BC15-BE9972E57014}.Debug|Any CPU.Build.0 = Debug|Any CPU
		{29321C7F-5C67-4AF4-BC15-BE9972E57014}.Release|Any CPU.ActiveCfg = Release|Any CPU
		{29321C7F-5C67-4AF4-BC15-BE9972E57014}.Release|Any CPU.Build.0 = Release|Any CPU
		{57F40EFD-91EA-40F0-914C-27504378F121}.Debug|Any CPU.ActiveCfg = Debug|Any CPU
		{57F40EFD-91EA-40F0-914C-27504378F121}.Debug|Any CPU.Build.0 = Debug|Any CPU
		{57F40EFD-91EA-40F0-914C-27504378F121}.Release|Any CPU.ActiveCfg = Release|Any CPU
		{57F40EFD-91EA-40F0-914C-27504378F121}.Release|Any CPU.Build.0 = Release|Any CPU
	EndGlobalSection
	GlobalSection(SolutionProperties) = preSolution
		HideSolutionNode = FALSE
	EndGlobalSection
	GlobalSection(ExtensibilityGlobals) = postSolution
		SolutionGuid = {06CB3532-ED52-4213-BB8A-541666D61987}
	EndGlobalSection
EndGlobal
